// !$*UTF8*$!
{
	archiveVersion = 1;
	classes = {
	};
	objectVersion = 56;
	objects = {

/* Begin PBXBuildFile section */
		431564B429D33A3800A1DC3A /* AppDelegate.swift in Sources */ = {isa = PBXBuildFile; fileRef = 431564B329D33A3800A1DC3A /* AppDelegate.swift */; };
		431564B629D33A3800A1DC3A /* SceneDelegate.swift in Sources */ = {isa = PBXBuildFile; fileRef = 431564B529D33A3800A1DC3A /* SceneDelegate.swift */; };
		431564B829D33A3800A1DC3A /* TabBarViewController.swift in Sources */ = {isa = PBXBuildFile; fileRef = 431564B729D33A3800A1DC3A /* TabBarViewController.swift */; };
		431564BD29D33A3900A1DC3A /* Assets.xcassets in Resources */ = {isa = PBXBuildFile; fileRef = 431564BC29D33A3900A1DC3A /* Assets.xcassets */; };
		431564C029D33A3900A1DC3A /* LaunchScreen.storyboard in Resources */ = {isa = PBXBuildFile; fileRef = 431564BE29D33A3900A1DC3A /* LaunchScreen.storyboard */; };
		432447F429EC20FD00649596 /* HeaderView.swift in Sources */ = {isa = PBXBuildFile; fileRef = 432447F329EC20FD00649596 /* HeaderView.swift */; };
		4326C16529E7E49B00A78303 /* StatisticsViewController.swift in Sources */ = {isa = PBXBuildFile; fileRef = 4326C16429E7E49B00A78303 /* StatisticsViewController.swift */; };
		4326C16729E7E50B00A78303 /* TrackersViewController.swift in Sources */ = {isa = PBXBuildFile; fileRef = 4326C16629E7E50B00A78303 /* TrackersViewController.swift */; };
		4326C16B29E8354800A78303 /* CardTrackerCell.swift in Sources */ = {isa = PBXBuildFile; fileRef = 4326C16A29E8354800A78303 /* CardTrackerCell.swift */; };
		4326C16E29E83B7600A78303 /* Tracker.swift in Sources */ = {isa = PBXBuildFile; fileRef = 4326C16D29E83B7600A78303 /* Tracker.swift */; };
		4329314029ED801900D4DB60 /* ChooseTrackerViewController.swift in Sources */ = {isa = PBXBuildFile; fileRef = 4329313F29ED801900D4DB60 /* ChooseTrackerViewController.swift */; };
		4329314229ED8F6B00D4DB60 /* NewTrackerViewController.swift in Sources */ = {isa = PBXBuildFile; fileRef = 4329314129ED8F6B00D4DB60 /* NewTrackerViewController.swift */; };
		433E3C3F29EDAB1000067202 /* ScheduleViewController.swift in Sources */ = {isa = PBXBuildFile; fileRef = 433E3C3E29EDAB1000067202 /* ScheduleViewController.swift */; };
		433E3C4129EDABEF00067202 /* ScheduleCell.swift in Sources */ = {isa = PBXBuildFile; fileRef = 433E3C4029EDABEF00067202 /* ScheduleCell.swift */; };
		433E3C4429F4158100067202 /* WeekDays.swift in Sources */ = {isa = PBXBuildFile; fileRef = 433E3C4329F4158100067202 /* WeekDays.swift */; };
		4352D9462A112C500024FFEE /* OnboardingScreenOneViewController.swift in Sources */ = {isa = PBXBuildFile; fileRef = 4352D9452A112C500024FFEE /* OnboardingScreenOneViewController.swift */; };
		4352D9482A112C940024FFEE /* OnboardingScreenTwoViewController.swift in Sources */ = {isa = PBXBuildFile; fileRef = 4352D9472A112C940024FFEE /* OnboardingScreenTwoViewController.swift */; };
		4352D94A2A1201C50024FFEE /* OnboardingViewController.swift in Sources */ = {isa = PBXBuildFile; fileRef = 4352D9492A1201C50024FFEE /* OnboardingViewController.swift */; };
		4352D94D2A1623E50024FFEE /* CategoryListVC.swift in Sources */ = {isa = PBXBuildFile; fileRef = 4352D94C2A1623E50024FFEE /* CategoryListVC.swift */; };
		4352D94F2A1624050024FFEE /* CategoryListCell.swift in Sources */ = {isa = PBXBuildFile; fileRef = 4352D94E2A1624050024FFEE /* CategoryListCell.swift */; };
		4352D9512A1625610024FFEE /* NewCategoryVC.swift in Sources */ = {isa = PBXBuildFile; fileRef = 4352D9502A1625610024FFEE /* NewCategoryVC.swift */; };
		4352D9552A167F000024FFEE /* CategoryModel.swift in Sources */ = {isa = PBXBuildFile; fileRef = 4352D9542A167F000024FFEE /* CategoryModel.swift */; };
		4352D9572A167F230024FFEE /* CategoryViewModel.swift in Sources */ = {isa = PBXBuildFile; fileRef = 4352D9562A167F230024FFEE /* CategoryViewModel.swift */; };
		4352D95B2A177BBA0024FFEE /* CategoryListViewModel.swift in Sources */ = {isa = PBXBuildFile; fileRef = 4352D95A2A177BBA0024FFEE /* CategoryListViewModel.swift */; };
		4352D95D2A18B92F0024FFEE /* Observable.swift in Sources */ = {isa = PBXBuildFile; fileRef = 4352D95C2A18B92F0024FFEE /* Observable.swift */; };
		4352D95F2A18CD080024FFEE /* CategoryElementViewModel.swift in Sources */ = {isa = PBXBuildFile; fileRef = 4352D95E2A18CD080024FFEE /* CategoryElementViewModel.swift */; };
		4352D9622A1A6EFE0024FFEE /* ChangeCategoryVC.swift in Sources */ = {isa = PBXBuildFile; fileRef = 4352D9612A1A6EFE0024FFEE /* ChangeCategoryVC.swift */; };
		4352D9652A1A760F0024FFEE /* AlertPresenter.swift in Sources */ = {isa = PBXBuildFile; fileRef = 4352D9642A1A760F0024FFEE /* AlertPresenter.swift */; };
		438AD7E429FEFBC200730601 /* TrackersCoreDataModel.xcdatamodeld in Sources */ = {isa = PBXBuildFile; fileRef = 438AD7E229FEFBC200730601 /* TrackersCoreDataModel.xcdatamodeld */; };
		438AD7E729FEFF1000730601 /* TrackerStore.swift in Sources */ = {isa = PBXBuildFile; fileRef = 438AD7E629FEFF1000730601 /* TrackerStore.swift */; };
		438AD7E929FEFF2B00730601 /* TrackerCategoryStore.swift in Sources */ = {isa = PBXBuildFile; fileRef = 438AD7E829FEFF2B00730601 /* TrackerCategoryStore.swift */; };
		438AD7EB29FEFF3D00730601 /* TrackerRecordStore.swift in Sources */ = {isa = PBXBuildFile; fileRef = 438AD7EA29FEFF3D00730601 /* TrackerRecordStore.swift */; };
		438AD7EF29FFAED700730601 /* DataProvider.swift in Sources */ = {isa = PBXBuildFile; fileRef = 438AD7EE29FFAED700730601 /* DataProvider.swift */; };
		438AD7F129FFB1C700730601 /* TrackerStoreProtocol.swift in Sources */ = {isa = PBXBuildFile; fileRef = 438AD7F029FFB1C700730601 /* TrackerStoreProtocol.swift */; };
		438AD7F329FFB37300730601 /* TrackerCategoryStoreProtocol.swift in Sources */ = {isa = PBXBuildFile; fileRef = 438AD7F229FFB37300730601 /* TrackerCategoryStoreProtocol.swift */; };
		438AD7F529FFB52400730601 /* TrackerRecordStoreProtocol.swift in Sources */ = {isa = PBXBuildFile; fileRef = 438AD7F429FFB52400730601 /* TrackerRecordStoreProtocol.swift */; };
		43E990C529FD74D10093C9CB /* CustomTextField.swift in Sources */ = {isa = PBXBuildFile; fileRef = 43E990C429FD74D10093C9CB /* CustomTextField.swift */; };
		43E990C729FD778A0093C9CB /* UIColor+Extension.swift in Sources */ = {isa = PBXBuildFile; fileRef = 43E990C629FD778A0093C9CB /* UIColor+Extension.swift */; };
		43E990C929FD7FA30093C9CB /* EmojiCell.swift in Sources */ = {isa = PBXBuildFile; fileRef = 43E990C829FD7FA30093C9CB /* EmojiCell.swift */; };
		43E990CB29FD84120093C9CB /* ColorCell.swift in Sources */ = {isa = PBXBuildFile; fileRef = 43E990CA29FD84120093C9CB /* ColorCell.swift */; };
/* End PBXBuildFile section */

/* Begin PBXFileReference section */
		431564B029D33A3800A1DC3A /* TrackMe.app */ = {isa = PBXFileReference; explicitFileType = wrapper.application; includeInIndex = 0; path = TrackMe.app; sourceTree = BUILT_PRODUCTS_DIR; };
		431564B329D33A3800A1DC3A /* AppDelegate.swift */ = {isa = PBXFileReference; lastKnownFileType = sourcecode.swift; path = AppDelegate.swift; sourceTree = "<group>"; };
		431564B529D33A3800A1DC3A /* SceneDelegate.swift */ = {isa = PBXFileReference; lastKnownFileType = sourcecode.swift; path = SceneDelegate.swift; sourceTree = "<group>"; };
		431564B729D33A3800A1DC3A /* TabBarViewController.swift */ = {isa = PBXFileReference; lastKnownFileType = sourcecode.swift; path = TabBarViewController.swift; sourceTree = "<group>"; };
		431564BC29D33A3900A1DC3A /* Assets.xcassets */ = {isa = PBXFileReference; lastKnownFileType = folder.assetcatalog; path = Assets.xcassets; sourceTree = "<group>"; };
		431564BF29D33A3900A1DC3A /* Base */ = {isa = PBXFileReference; lastKnownFileType = file.storyboard; name = Base; path = Base.lproj/LaunchScreen.storyboard; sourceTree = "<group>"; };
		431564C129D33A3900A1DC3A /* Info.plist */ = {isa = PBXFileReference; lastKnownFileType = text.plist.xml; path = Info.plist; sourceTree = "<group>"; };
		432447F329EC20FD00649596 /* HeaderView.swift */ = {isa = PBXFileReference; lastKnownFileType = sourcecode.swift; path = HeaderView.swift; sourceTree = "<group>"; };
		4326C16429E7E49B00A78303 /* StatisticsViewController.swift */ = {isa = PBXFileReference; lastKnownFileType = sourcecode.swift; path = StatisticsViewController.swift; sourceTree = "<group>"; };
		4326C16629E7E50B00A78303 /* TrackersViewController.swift */ = {isa = PBXFileReference; lastKnownFileType = sourcecode.swift; path = TrackersViewController.swift; sourceTree = "<group>"; };
		4326C16A29E8354800A78303 /* CardTrackerCell.swift */ = {isa = PBXFileReference; lastKnownFileType = sourcecode.swift; path = CardTrackerCell.swift; sourceTree = "<group>"; };
		4326C16D29E83B7600A78303 /* Tracker.swift */ = {isa = PBXFileReference; lastKnownFileType = sourcecode.swift; path = Tracker.swift; sourceTree = "<group>"; };
		4329313E29ED4ADB00D4DB60 /* ru */ = {isa = PBXFileReference; lastKnownFileType = text.plist.strings; name = ru; path = ru.lproj/LaunchScreen.strings; sourceTree = "<group>"; };
		4329313F29ED801900D4DB60 /* ChooseTrackerViewController.swift */ = {isa = PBXFileReference; lastKnownFileType = sourcecode.swift; path = ChooseTrackerViewController.swift; sourceTree = "<group>"; };
		4329314129ED8F6B00D4DB60 /* NewTrackerViewController.swift */ = {isa = PBXFileReference; lastKnownFileType = sourcecode.swift; path = NewTrackerViewController.swift; sourceTree = "<group>"; };
		433E3C3E29EDAB1000067202 /* ScheduleViewController.swift */ = {isa = PBXFileReference; lastKnownFileType = sourcecode.swift; path = ScheduleViewController.swift; sourceTree = "<group>"; };
		433E3C4029EDABEF00067202 /* ScheduleCell.swift */ = {isa = PBXFileReference; lastKnownFileType = sourcecode.swift; path = ScheduleCell.swift; sourceTree = "<group>"; };
		433E3C4329F4158100067202 /* WeekDays.swift */ = {isa = PBXFileReference; lastKnownFileType = sourcecode.swift; path = WeekDays.swift; sourceTree = "<group>"; };
		4352D9452A112C500024FFEE /* OnboardingScreenOneViewController.swift */ = {isa = PBXFileReference; lastKnownFileType = sourcecode.swift; path = OnboardingScreenOneViewController.swift; sourceTree = "<group>"; };
		4352D9472A112C940024FFEE /* OnboardingScreenTwoViewController.swift */ = {isa = PBXFileReference; lastKnownFileType = sourcecode.swift; path = OnboardingScreenTwoViewController.swift; sourceTree = "<group>"; };
		4352D9492A1201C50024FFEE /* OnboardingViewController.swift */ = {isa = PBXFileReference; lastKnownFileType = sourcecode.swift; path = OnboardingViewController.swift; sourceTree = "<group>"; };
		4352D94C2A1623E50024FFEE /* CategoryListVC.swift */ = {isa = PBXFileReference; lastKnownFileType = sourcecode.swift; path = CategoryListVC.swift; sourceTree = "<group>"; };
		4352D94E2A1624050024FFEE /* CategoryListCell.swift */ = {isa = PBXFileReference; lastKnownFileType = sourcecode.swift; path = CategoryListCell.swift; sourceTree = "<group>"; };
		4352D9502A1625610024FFEE /* NewCategoryVC.swift */ = {isa = PBXFileReference; lastKnownFileType = sourcecode.swift; path = NewCategoryVC.swift; sourceTree = "<group>"; };
		4352D9542A167F000024FFEE /* CategoryModel.swift */ = {isa = PBXFileReference; lastKnownFileType = sourcecode.swift; path = CategoryModel.swift; sourceTree = "<group>"; };
		4352D9562A167F230024FFEE /* CategoryViewModel.swift */ = {isa = PBXFileReference; lastKnownFileType = sourcecode.swift; path = CategoryViewModel.swift; sourceTree = "<group>"; };
		4352D95A2A177BBA0024FFEE /* CategoryListViewModel.swift */ = {isa = PBXFileReference; lastKnownFileType = sourcecode.swift; path = CategoryListViewModel.swift; sourceTree = "<group>"; };
		4352D95C2A18B92F0024FFEE /* Observable.swift */ = {isa = PBXFileReference; lastKnownFileType = sourcecode.swift; path = Observable.swift; sourceTree = "<group>"; };
		4352D95E2A18CD080024FFEE /* CategoryElementViewModel.swift */ = {isa = PBXFileReference; lastKnownFileType = sourcecode.swift; path = CategoryElementViewModel.swift; sourceTree = "<group>"; };
		4352D9612A1A6EFE0024FFEE /* ChangeCategoryVC.swift */ = {isa = PBXFileReference; lastKnownFileType = sourcecode.swift; path = ChangeCategoryVC.swift; sourceTree = "<group>"; };
		4352D9642A1A760F0024FFEE /* AlertPresenter.swift */ = {isa = PBXFileReference; lastKnownFileType = sourcecode.swift; path = AlertPresenter.swift; sourceTree = "<group>"; };
		438AD7E329FEFBC200730601 /* TrackersCoreDataModel.xcdatamodel */ = {isa = PBXFileReference; lastKnownFileType = wrapper.xcdatamodel; path = TrackersCoreDataModel.xcdatamodel; sourceTree = "<group>"; };
		438AD7E629FEFF1000730601 /* TrackerStore.swift */ = {isa = PBXFileReference; lastKnownFileType = sourcecode.swift; path = TrackerStore.swift; sourceTree = "<group>"; };
		438AD7E829FEFF2B00730601 /* TrackerCategoryStore.swift */ = {isa = PBXFileReference; lastKnownFileType = sourcecode.swift; path = TrackerCategoryStore.swift; sourceTree = "<group>"; };
		438AD7EA29FEFF3D00730601 /* TrackerRecordStore.swift */ = {isa = PBXFileReference; lastKnownFileType = sourcecode.swift; path = TrackerRecordStore.swift; sourceTree = "<group>"; };
		438AD7EE29FFAED700730601 /* DataProvider.swift */ = {isa = PBXFileReference; lastKnownFileType = sourcecode.swift; path = DataProvider.swift; sourceTree = "<group>"; };
		438AD7F029FFB1C700730601 /* TrackerStoreProtocol.swift */ = {isa = PBXFileReference; lastKnownFileType = sourcecode.swift; path = TrackerStoreProtocol.swift; sourceTree = "<group>"; };
		438AD7F229FFB37300730601 /* TrackerCategoryStoreProtocol.swift */ = {isa = PBXFileReference; lastKnownFileType = sourcecode.swift; path = TrackerCategoryStoreProtocol.swift; sourceTree = "<group>"; };
		438AD7F429FFB52400730601 /* TrackerRecordStoreProtocol.swift */ = {isa = PBXFileReference; lastKnownFileType = sourcecode.swift; path = TrackerRecordStoreProtocol.swift; sourceTree = "<group>"; };
		43E990C429FD74D10093C9CB /* CustomTextField.swift */ = {isa = PBXFileReference; lastKnownFileType = sourcecode.swift; path = CustomTextField.swift; sourceTree = "<group>"; };
		43E990C629FD778A0093C9CB /* UIColor+Extension.swift */ = {isa = PBXFileReference; lastKnownFileType = sourcecode.swift; path = "UIColor+Extension.swift"; sourceTree = "<group>"; };
		43E990C829FD7FA30093C9CB /* EmojiCell.swift */ = {isa = PBXFileReference; lastKnownFileType = sourcecode.swift; path = EmojiCell.swift; sourceTree = "<group>"; };
		43E990CA29FD84120093C9CB /* ColorCell.swift */ = {isa = PBXFileReference; lastKnownFileType = sourcecode.swift; path = ColorCell.swift; sourceTree = "<group>"; };
/* End PBXFileReference section */

/* Begin PBXFrameworksBuildPhase section */
		431564AD29D33A3800A1DC3A /* Frameworks */ = {
			isa = PBXFrameworksBuildPhase;
			buildActionMask = 2147483647;
			files = (
			);
			runOnlyForDeploymentPostprocessing = 0;
		};
/* End PBXFrameworksBuildPhase section */

/* Begin PBXGroup section */
		431564A729D33A3800A1DC3A = {
			isa = PBXGroup;
			children = (
				431564B229D33A3800A1DC3A /* TrackMe */,
				431564B129D33A3800A1DC3A /* Products */,
			);
			sourceTree = "<group>";
		};
		431564B129D33A3800A1DC3A /* Products */ = {
			isa = PBXGroup;
			children = (
				431564B029D33A3800A1DC3A /* TrackMe.app */,
			);
			name = Products;
			sourceTree = "<group>";
		};
		431564B229D33A3800A1DC3A /* TrackMe */ = {
			isa = PBXGroup;
			children = (
				438AD7E529FEFEF000730601 /* DataStores */,
				4326C16C29E83B3800A78303 /* Models */,
				4326C16029E7E38E00A78303 /* Screens */,
				43E990C329FD74A30093C9CB /* CustomUIElements */,
				4326C16329E7E3EC00A78303 /* Resources */,
				433E3C4229F4155900067202 /* Helpers */,
				4326C16229E7E3D100A78303 /* Storyboard */,
				4326C16129E7E3B600A78303 /* App */,
			);
			path = TrackMe;
			sourceTree = "<group>";
		};
		4326C16029E7E38E00A78303 /* Screens */ = {
			isa = PBXGroup;
			children = (
				4352D9442A112BEE0024FFEE /* OnboardingScreen */,
				431564B729D33A3800A1DC3A /* TabBarViewController.swift */,
				4326C16429E7E49B00A78303 /* StatisticsViewController.swift */,
				43E990C029FD74210093C9CB /* TrackersScreen */,
				4329313F29ED801900D4DB60 /* ChooseTrackerViewController.swift */,
				43E990C229FD74630093C9CB /* NewTrackerScreen */,
				4352D94B2A16234C0024FFEE /* CategoryScreen */,
				43E990C129FD74450093C9CB /* ScheduleScreen */,
				4352D9632A1A74E60024FFEE /* Alerts */,
			);
			path = Screens;
			sourceTree = "<group>";
		};
		4326C16129E7E3B600A78303 /* App */ = {
			isa = PBXGroup;
			children = (
				431564C129D33A3900A1DC3A /* Info.plist */,
				431564B329D33A3800A1DC3A /* AppDelegate.swift */,
				431564B529D33A3800A1DC3A /* SceneDelegate.swift */,
			);
			path = App;
			sourceTree = "<group>";
		};
		4326C16229E7E3D100A78303 /* Storyboard */ = {
			isa = PBXGroup;
			children = (
				431564BE29D33A3900A1DC3A /* LaunchScreen.storyboard */,
			);
			path = Storyboard;
			sourceTree = "<group>";
		};
		4326C16329E7E3EC00A78303 /* Resources */ = {
			isa = PBXGroup;
			children = (
				431564BC29D33A3900A1DC3A /* Assets.xcassets */,
			);
			path = Resources;
			sourceTree = "<group>";
		};
		4326C16C29E83B3800A78303 /* Models */ = {
			isa = PBXGroup;
			children = (
				4326C16D29E83B7600A78303 /* Tracker.swift */,
				438AD7E229FEFBC200730601 /* TrackersCoreDataModel.xcdatamodeld */,
			);
			path = Models;
			sourceTree = "<group>";
		};
		433E3C4229F4155900067202 /* Helpers */ = {
			isa = PBXGroup;
			children = (
				433E3C4329F4158100067202 /* WeekDays.swift */,
				43E990C629FD778A0093C9CB /* UIColor+Extension.swift */,
			);
			path = Helpers;
			sourceTree = "<group>";
		};
		4352D9442A112BEE0024FFEE /* OnboardingScreen */ = {
			isa = PBXGroup;
			children = (
				4352D9492A1201C50024FFEE /* OnboardingViewController.swift */,
				4352D9452A112C500024FFEE /* OnboardingScreenOneViewController.swift */,
				4352D9472A112C940024FFEE /* OnboardingScreenTwoViewController.swift */,
			);
			path = OnboardingScreen;
			sourceTree = "<group>";
		};
		4352D94B2A16234C0024FFEE /* CategoryScreen */ = {
			isa = PBXGroup;
			children = (
				4352D9602A1A6ECE0024FFEE /* ChangeCategoryScreen */,
				4352D9532A167D7D0024FFEE /* NewCategoryScreen */,
				4352D9522A167D650024FFEE /* CategoryListScreen */,
			);
			path = CategoryScreen;
			sourceTree = "<group>";
		};
		4352D9522A167D650024FFEE /* CategoryListScreen */ = {
			isa = PBXGroup;
			children = (
				4352D94C2A1623E50024FFEE /* CategoryListVC.swift */,
				4352D94E2A1624050024FFEE /* CategoryListCell.swift */,
				4352D95C2A18B92F0024FFEE /* Observable.swift */,
				4352D95A2A177BBA0024FFEE /* CategoryListViewModel.swift */,
				4352D95E2A18CD080024FFEE /* CategoryElementViewModel.swift */,
			);
			path = CategoryListScreen;
			sourceTree = "<group>";
		};
		4352D9532A167D7D0024FFEE /* NewCategoryScreen */ = {
			isa = PBXGroup;
			children = (
				4352D9502A1625610024FFEE /* NewCategoryVC.swift */,
				4352D9542A167F000024FFEE /* CategoryModel.swift */,
				4352D9562A167F230024FFEE /* CategoryViewModel.swift */,
			);
			path = NewCategoryScreen;
			sourceTree = "<group>";
		};
		4352D9602A1A6ECE0024FFEE /* ChangeCategoryScreen */ = {
			isa = PBXGroup;
			children = (
				4352D9612A1A6EFE0024FFEE /* ChangeCategoryVC.swift */,
			);
			path = ChangeCategoryScreen;
			sourceTree = "<group>";
		};
		4352D9632A1A74E60024FFEE /* Alerts */ = {
			isa = PBXGroup;
			children = (
				4352D9642A1A760F0024FFEE /* AlertPresenter.swift */,
			);
			path = Alerts;
			sourceTree = "<group>";
		};
		438AD7E529FEFEF000730601 /* DataStores */ = {
			isa = PBXGroup;
			children = (
				438AD7EE29FFAED700730601 /* DataProvider.swift */,
				438AD7E829FEFF2B00730601 /* TrackerCategoryStore.swift */,
				438AD7F229FFB37300730601 /* TrackerCategoryStoreProtocol.swift */,
				438AD7E629FEFF1000730601 /* TrackerStore.swift */,
				438AD7F029FFB1C700730601 /* TrackerStoreProtocol.swift */,
				438AD7EA29FEFF3D00730601 /* TrackerRecordStore.swift */,
				438AD7F429FFB52400730601 /* TrackerRecordStoreProtocol.swift */,
			);
			path = DataStores;
			sourceTree = "<group>";
		};
		43E990C029FD74210093C9CB /* TrackersScreen */ = {
			isa = PBXGroup;
			children = (
				4326C16629E7E50B00A78303 /* TrackersViewController.swift */,
				4326C16A29E8354800A78303 /* CardTrackerCell.swift */,
				432447F329EC20FD00649596 /* HeaderView.swift */,
			);
			path = TrackersScreen;
			sourceTree = "<group>";
		};
		43E990C129FD74450093C9CB /* ScheduleScreen */ = {
			isa = PBXGroup;
			children = (
				433E3C3E29EDAB1000067202 /* ScheduleViewController.swift */,
				433E3C4029EDABEF00067202 /* ScheduleCell.swift */,
			);
			path = ScheduleScreen;
			sourceTree = "<group>";
		};
		43E990C229FD74630093C9CB /* NewTrackerScreen */ = {
			isa = PBXGroup;
			children = (
				4329314129ED8F6B00D4DB60 /* NewTrackerViewController.swift */,
				43E990C829FD7FA30093C9CB /* EmojiCell.swift */,
				43E990CA29FD84120093C9CB /* ColorCell.swift */,
			);
			path = NewTrackerScreen;
			sourceTree = "<group>";
		};
		43E990C329FD74A30093C9CB /* CustomUIElements */ = {
			isa = PBXGroup;
			children = (
				43E990C429FD74D10093C9CB /* CustomTextField.swift */,
			);
			path = CustomUIElements;
			sourceTree = "<group>";
		};
/* End PBXGroup section */

/* Begin PBXNativeTarget section */
		431564AF29D33A3800A1DC3A /* TrackMe */ = {
			isa = PBXNativeTarget;
			buildConfigurationList = 431564C429D33A3900A1DC3A /* Build configuration list for PBXNativeTarget "TrackMe" */;
			buildPhases = (
				431564AC29D33A3800A1DC3A /* Sources */,
				431564AD29D33A3800A1DC3A /* Frameworks */,
				431564AE29D33A3800A1DC3A /* Resources */,
			);
			buildRules = (
			);
			dependencies = (
			);
			name = TrackMe;
			productName = TrackMe;
			productReference = 431564B029D33A3800A1DC3A /* TrackMe.app */;
			productType = "com.apple.product-type.application";
		};
/* End PBXNativeTarget section */

/* Begin PBXProject section */
		431564A829D33A3800A1DC3A /* Project object */ = {
			isa = PBXProject;
			attributes = {
				BuildIndependentTargetsInParallel = 1;
				LastSwiftUpdateCheck = 1420;
				LastUpgradeCheck = 1420;
				TargetAttributes = {
					431564AF29D33A3800A1DC3A = {
						CreatedOnToolsVersion = 14.2;
					};
				};
			};
			buildConfigurationList = 431564AB29D33A3800A1DC3A /* Build configuration list for PBXProject "TrackMe" */;
			compatibilityVersion = "Xcode 14.0";
			developmentRegion = ru;
			hasScannedForEncodings = 0;
			knownRegions = (
				en,
				Base,
				ru,
			);
			mainGroup = 431564A729D33A3800A1DC3A;
			productRefGroup = 431564B129D33A3800A1DC3A /* Products */;
			projectDirPath = "";
			projectRoot = "";
			targets = (
				431564AF29D33A3800A1DC3A /* TrackMe */,
			);
		};
/* End PBXProject section */

/* Begin PBXResourcesBuildPhase section */
		431564AE29D33A3800A1DC3A /* Resources */ = {
			isa = PBXResourcesBuildPhase;
			buildActionMask = 2147483647;
			files = (
				431564C029D33A3900A1DC3A /* LaunchScreen.storyboard in Resources */,
				431564BD29D33A3900A1DC3A /* Assets.xcassets in Resources */,
			);
			runOnlyForDeploymentPostprocessing = 0;
		};
/* End PBXResourcesBuildPhase section */

/* Begin PBXSourcesBuildPhase section */
		431564AC29D33A3800A1DC3A /* Sources */ = {
			isa = PBXSourcesBuildPhase;
			buildActionMask = 2147483647;
			files = (
				43E990C529FD74D10093C9CB /* CustomTextField.swift in Sources */,
				433E3C4429F4158100067202 /* WeekDays.swift in Sources */,
				438AD7E729FEFF1000730601 /* TrackerStore.swift in Sources */,
				4352D95D2A18B92F0024FFEE /* Observable.swift in Sources */,
				438AD7F129FFB1C700730601 /* TrackerStoreProtocol.swift in Sources */,
				438AD7F329FFB37300730601 /* TrackerCategoryStoreProtocol.swift in Sources */,
				4329314029ED801900D4DB60 /* ChooseTrackerViewController.swift in Sources */,
				4352D9482A112C940024FFEE /* OnboardingScreenTwoViewController.swift in Sources */,
				431564B829D33A3800A1DC3A /* TabBarViewController.swift in Sources */,
				4352D95F2A18CD080024FFEE /* CategoryElementViewModel.swift in Sources */,
				431564B429D33A3800A1DC3A /* AppDelegate.swift in Sources */,
				4352D94F2A1624050024FFEE /* CategoryListCell.swift in Sources */,
				4326C16729E7E50B00A78303 /* TrackersViewController.swift in Sources */,
				431564B629D33A3800A1DC3A /* SceneDelegate.swift in Sources */,
				4352D94A2A1201C50024FFEE /* OnboardingViewController.swift in Sources */,
				4352D9652A1A760F0024FFEE /* AlertPresenter.swift in Sources */,
				4326C16B29E8354800A78303 /* CardTrackerCell.swift in Sources */,
				4329314229ED8F6B00D4DB60 /* NewTrackerViewController.swift in Sources */,
				43E990C729FD778A0093C9CB /* UIColor+Extension.swift in Sources */,
				43E990CB29FD84120093C9CB /* ColorCell.swift in Sources */,
				4352D9462A112C500024FFEE /* OnboardingScreenOneViewController.swift in Sources */,
				4352D9512A1625610024FFEE /* NewCategoryVC.swift in Sources */,
				4326C16529E7E49B00A78303 /* StatisticsViewController.swift in Sources */,
				4352D9622A1A6EFE0024FFEE /* ChangeCategoryVC.swift in Sources */,
				438AD7F529FFB52400730601 /* TrackerRecordStoreProtocol.swift in Sources */,
				4352D94D2A1623E50024FFEE /* CategoryListVC.swift in Sources */,
				4326C16E29E83B7600A78303 /* Tracker.swift in Sources */,
				4352D95B2A177BBA0024FFEE /* CategoryListViewModel.swift in Sources */,
				433E3C3F29EDAB1000067202 /* ScheduleViewController.swift in Sources */,
				433E3C4129EDABEF00067202 /* ScheduleCell.swift in Sources */,
				4352D9572A167F230024FFEE /* CategoryViewModel.swift in Sources */,
				438AD7EF29FFAED700730601 /* DataProvider.swift in Sources */,
				438AD7EB29FEFF3D00730601 /* TrackerRecordStore.swift in Sources */,
				438AD7E929FEFF2B00730601 /* TrackerCategoryStore.swift in Sources */,
				43E990C929FD7FA30093C9CB /* EmojiCell.swift in Sources */,
				4352D9552A167F000024FFEE /* CategoryModel.swift in Sources */,
				432447F429EC20FD00649596 /* HeaderView.swift in Sources */,
				438AD7E429FEFBC200730601 /* TrackersCoreDataModel.xcdatamodeld in Sources */,
			);
			runOnlyForDeploymentPostprocessing = 0;
		};
/* End PBXSourcesBuildPhase section */

/* Begin PBXVariantGroup section */
		431564BE29D33A3900A1DC3A /* LaunchScreen.storyboard */ = {
			isa = PBXVariantGroup;
			children = (
				431564BF29D33A3900A1DC3A /* Base */,
				4329313E29ED4ADB00D4DB60 /* ru */,
			);
			name = LaunchScreen.storyboard;
			sourceTree = "<group>";
		};
/* End PBXVariantGroup section */

/* Begin XCBuildConfiguration section */
		431564C229D33A3900A1DC3A /* Debug */ = {
			isa = XCBuildConfiguration;
			buildSettings = {
				ALWAYS_SEARCH_USER_PATHS = NO;
				CLANG_ANALYZER_LOCALIZABILITY_NONLOCALIZED = YES;
				CLANG_ANALYZER_NONNULL = YES;
				CLANG_ANALYZER_NUMBER_OBJECT_CONVERSION = YES_AGGRESSIVE;
				CLANG_CXX_LANGUAGE_STANDARD = "gnu++20";
				CLANG_ENABLE_MODULES = YES;
				CLANG_ENABLE_OBJC_ARC = YES;
				CLANG_ENABLE_OBJC_WEAK = YES;
				CLANG_WARN_BLOCK_CAPTURE_AUTORELEASING = YES;
				CLANG_WARN_BOOL_CONVERSION = YES;
				CLANG_WARN_COMMA = YES;
				CLANG_WARN_CONSTANT_CONVERSION = YES;
				CLANG_WARN_DEPRECATED_OBJC_IMPLEMENTATIONS = YES;
				CLANG_WARN_DIRECT_OBJC_ISA_USAGE = YES_ERROR;
				CLANG_WARN_DOCUMENTATION_COMMENTS = YES;
				CLANG_WARN_EMPTY_BODY = YES;
				CLANG_WARN_ENUM_CONVERSION = YES;
				CLANG_WARN_INFINITE_RECURSION = YES;
				CLANG_WARN_INT_CONVERSION = YES;
				CLANG_WARN_NON_LITERAL_NULL_CONVERSION = YES;
				CLANG_WARN_OBJC_IMPLICIT_RETAIN_SELF = YES;
				CLANG_WARN_OBJC_LITERAL_CONVERSION = YES;
				CLANG_WARN_OBJC_ROOT_CLASS = YES_ERROR;
				CLANG_WARN_QUOTED_INCLUDE_IN_FRAMEWORK_HEADER = YES;
				CLANG_WARN_RANGE_LOOP_ANALYSIS = YES;
				CLANG_WARN_STRICT_PROTOTYPES = YES;
				CLANG_WARN_SUSPICIOUS_MOVE = YES;
				CLANG_WARN_UNGUARDED_AVAILABILITY = YES_AGGRESSIVE;
				CLANG_WARN_UNREACHABLE_CODE = YES;
				CLANG_WARN__DUPLICATE_METHOD_MATCH = YES;
				COPY_PHASE_STRIP = NO;
				DEBUG_INFORMATION_FORMAT = dwarf;
				ENABLE_STRICT_OBJC_MSGSEND = YES;
				ENABLE_TESTABILITY = YES;
				GCC_C_LANGUAGE_STANDARD = gnu11;
				GCC_DYNAMIC_NO_PIC = NO;
				GCC_NO_COMMON_BLOCKS = YES;
				GCC_OPTIMIZATION_LEVEL = 0;
				GCC_PREPROCESSOR_DEFINITIONS = (
					"DEBUG=1",
					"$(inherited)",
				);
				GCC_WARN_64_TO_32_BIT_CONVERSION = YES;
				GCC_WARN_ABOUT_RETURN_TYPE = YES_ERROR;
				GCC_WARN_UNDECLARED_SELECTOR = YES;
				GCC_WARN_UNINITIALIZED_AUTOS = YES_AGGRESSIVE;
				GCC_WARN_UNUSED_FUNCTION = YES;
				GCC_WARN_UNUSED_VARIABLE = YES;
				IPHONEOS_DEPLOYMENT_TARGET = 13.4;
				MTL_ENABLE_DEBUG_INFO = INCLUDE_SOURCE;
				MTL_FAST_MATH = YES;
				ONLY_ACTIVE_ARCH = YES;
				SDKROOT = iphoneos;
				SWIFT_ACTIVE_COMPILATION_CONDITIONS = DEBUG;
				SWIFT_OPTIMIZATION_LEVEL = "-Onone";
			};
			name = Debug;
		};
		431564C329D33A3900A1DC3A /* Release */ = {
			isa = XCBuildConfiguration;
			buildSettings = {
				ALWAYS_SEARCH_USER_PATHS = NO;
				CLANG_ANALYZER_LOCALIZABILITY_NONLOCALIZED = YES;
				CLANG_ANALYZER_NONNULL = YES;
				CLANG_ANALYZER_NUMBER_OBJECT_CONVERSION = YES_AGGRESSIVE;
				CLANG_CXX_LANGUAGE_STANDARD = "gnu++20";
				CLANG_ENABLE_MODULES = YES;
				CLANG_ENABLE_OBJC_ARC = YES;
				CLANG_ENABLE_OBJC_WEAK = YES;
				CLANG_WARN_BLOCK_CAPTURE_AUTORELEASING = YES;
				CLANG_WARN_BOOL_CONVERSION = YES;
				CLANG_WARN_COMMA = YES;
				CLANG_WARN_CONSTANT_CONVERSION = YES;
				CLANG_WARN_DEPRECATED_OBJC_IMPLEMENTATIONS = YES;
				CLANG_WARN_DIRECT_OBJC_ISA_USAGE = YES_ERROR;
				CLANG_WARN_DOCUMENTATION_COMMENTS = YES;
				CLANG_WARN_EMPTY_BODY = YES;
				CLANG_WARN_ENUM_CONVERSION = YES;
				CLANG_WARN_INFINITE_RECURSION = YES;
				CLANG_WARN_INT_CONVERSION = YES;
				CLANG_WARN_NON_LITERAL_NULL_CONVERSION = YES;
				CLANG_WARN_OBJC_IMPLICIT_RETAIN_SELF = YES;
				CLANG_WARN_OBJC_LITERAL_CONVERSION = YES;
				CLANG_WARN_OBJC_ROOT_CLASS = YES_ERROR;
				CLANG_WARN_QUOTED_INCLUDE_IN_FRAMEWORK_HEADER = YES;
				CLANG_WARN_RANGE_LOOP_ANALYSIS = YES;
				CLANG_WARN_STRICT_PROTOTYPES = YES;
				CLANG_WARN_SUSPICIOUS_MOVE = YES;
				CLANG_WARN_UNGUARDED_AVAILABILITY = YES_AGGRESSIVE;
				CLANG_WARN_UNREACHABLE_CODE = YES;
				CLANG_WARN__DUPLICATE_METHOD_MATCH = YES;
				COPY_PHASE_STRIP = NO;
				DEBUG_INFORMATION_FORMAT = "dwarf-with-dsym";
				ENABLE_NS_ASSERTIONS = NO;
				ENABLE_STRICT_OBJC_MSGSEND = YES;
				GCC_C_LANGUAGE_STANDARD = gnu11;
				GCC_NO_COMMON_BLOCKS = YES;
				GCC_WARN_64_TO_32_BIT_CONVERSION = YES;
				GCC_WARN_ABOUT_RETURN_TYPE = YES_ERROR;
				GCC_WARN_UNDECLARED_SELECTOR = YES;
				GCC_WARN_UNINITIALIZED_AUTOS = YES_AGGRESSIVE;
				GCC_WARN_UNUSED_FUNCTION = YES;
				GCC_WARN_UNUSED_VARIABLE = YES;
				IPHONEOS_DEPLOYMENT_TARGET = 13.4;
				MTL_ENABLE_DEBUG_INFO = NO;
				MTL_FAST_MATH = YES;
				SDKROOT = iphoneos;
				SWIFT_COMPILATION_MODE = wholemodule;
				SWIFT_OPTIMIZATION_LEVEL = "-O";
				VALIDATE_PRODUCT = YES;
			};
			name = Release;
		};
		431564C529D33A3900A1DC3A /* Debug */ = {
			isa = XCBuildConfiguration;
			buildSettings = {
				ASSETCATALOG_COMPILER_APPICON_NAME = AppIcon;
				ASSETCATALOG_COMPILER_GLOBAL_ACCENT_COLOR_NAME = AccentColor;
				CODE_SIGN_STYLE = Automatic;
				CURRENT_PROJECT_VERSION = 1;
				DEVELOPMENT_TEAM = 5VBQ98K5MQ;
				GENERATE_INFOPLIST_FILE = YES;
				INFOPLIST_FILE = TrackMe/App/Info.plist;
				INFOPLIST_KEY_UIApplicationSupportsIndirectInputEvents = YES;
				INFOPLIST_KEY_UILaunchStoryboardName = LaunchScreen;
				INFOPLIST_KEY_UISupportedInterfaceOrientations = UIInterfaceOrientationPortrait;
				INFOPLIST_KEY_UISupportedInterfaceOrientations_iPad = "UIInterfaceOrientationLandscapeLeft UIInterfaceOrientationLandscapeRight UIInterfaceOrientationPortrait UIInterfaceOrientationPortraitUpsideDown";
				IPHONEOS_DEPLOYMENT_TARGET = 13.4;
				LD_RUNPATH_SEARCH_PATHS = (
					"$(inherited)",
					"@executable_path/Frameworks",
				);
				MARKETING_VERSION = 1.0;
				PRODUCT_BUNDLE_IDENTIFIER = K2.TrackMe;
				PRODUCT_NAME = "$(TARGET_NAME)";
				SUPPORTED_PLATFORMS = "iphoneos iphonesimulator";
				SUPPORTS_MACCATALYST = NO;
				SUPPORTS_MAC_DESIGNED_FOR_IPHONE_IPAD = NO;
				SWIFT_EMIT_LOC_STRINGS = YES;
				SWIFT_VERSION = 5.0;
				TARGETED_DEVICE_FAMILY = 1;
			};
			name = Debug;
		};
		431564C629D33A3900A1DC3A /* Release */ = {
			isa = XCBuildConfiguration;
			buildSettings = {
				ASSETCATALOG_COMPILER_APPICON_NAME = AppIcon;
				ASSETCATALOG_COMPILER_GLOBAL_ACCENT_COLOR_NAME = AccentColor;
				CODE_SIGN_STYLE = Automatic;
				CURRENT_PROJECT_VERSION = 1;
				DEVELOPMENT_TEAM = 5VBQ98K5MQ;
				GENERATE_INFOPLIST_FILE = YES;
				INFOPLIST_FILE = TrackMe/App/Info.plist;
				INFOPLIST_KEY_UIApplicationSupportsIndirectInputEvents = YES;
				INFOPLIST_KEY_UILaunchStoryboardName = LaunchScreen;
				INFOPLIST_KEY_UISupportedInterfaceOrientations = UIInterfaceOrientationPortrait;
				INFOPLIST_KEY_UISupportedInterfaceOrientations_iPad = "UIInterfaceOrientationLandscapeLeft UIInterfaceOrientationLandscapeRight UIInterfaceOrientationPortrait UIInterfaceOrientationPortraitUpsideDown";
				IPHONEOS_DEPLOYMENT_TARGET = 13.4;
				LD_RUNPATH_SEARCH_PATHS = (
					"$(inherited)",
					"@executable_path/Frameworks",
				);
				MARKETING_VERSION = 1.0;
				PRODUCT_BUNDLE_IDENTIFIER = K2.TrackMe;
				PRODUCT_NAME = "$(TARGET_NAME)";
				SUPPORTED_PLATFORMS = "iphoneos iphonesimulator";
				SUPPORTS_MACCATALYST = NO;
				SUPPORTS_MAC_DESIGNED_FOR_IPHONE_IPAD = NO;
				SWIFT_EMIT_LOC_STRINGS = YES;
				SWIFT_VERSION = 5.0;
				TARGETED_DEVICE_FAMILY = 1;
			};
			name = Release;
		};
/* End XCBuildConfiguration section */

/* Begin XCConfigurationList section */
		431564AB29D33A3800A1DC3A /* Build configuration list for PBXProject "TrackMe" */ = {
			isa = XCConfigurationList;
			buildConfigurations = (
				431564C229D33A3900A1DC3A /* Debug */,
				431564C329D33A3900A1DC3A /* Release */,
			);
			defaultConfigurationIsVisible = 0;
			defaultConfigurationName = Release;
		};
		431564C429D33A3900A1DC3A /* Build configuration list for PBXNativeTarget "TrackMe" */ = {
			isa = XCConfigurationList;
			buildConfigurations = (
				431564C529D33A3900A1DC3A /* Debug */,
				431564C629D33A3900A1DC3A /* Release */,
			);
			defaultConfigurationIsVisible = 0;
			defaultConfigurationName = Release;
		};
/* End XCConfigurationList section */

/* Begin XCVersionGroup section */
		438AD7E229FEFBC200730601 /* TrackersCoreDataModel.xcdatamodeld */ = {
			isa = XCVersionGroup;
			children = (
				438AD7E329FEFBC200730601 /* TrackersCoreDataModel.xcdatamodel */,
			);
			currentVersion = 438AD7E329FEFBC200730601 /* TrackersCoreDataModel.xcdatamodel */;
			path = TrackersCoreDataModel.xcdatamodeld;
			sourceTree = "<group>";
			versionGroupType = wrapper.xcdatamodel;
		};
/* End XCVersionGroup section */
	};
	rootObject = 431564A829D33A3800A1DC3A /* Project object */;
}
